
Microsoft Visual Studio Solution File, Format Version 12.00
# Visual Studio Version 16
VisualStudioVersion = 16.0.31229.75
MinimumVisualStudioVersion = 10.0.40219.1
Project("{FAE04EC0-301F-11D3-BF4B-00C04F79EFBC}") = "Task1_Pyramid", "Task1_Pyramid\Task1_Pyramid.csproj", "{5556357B-13C8-4022-B3A3-8E29B1484D14}"
EndProject
Project("{FAE04EC0-301F-11D3-BF4B-00C04F79EFBC}") = "Task2_VaribleDemo", "Task2_VaribleDemo\Task2_VaribleDemo.csproj", "{3233269D-1794-458B-9EEA-EEC0AC66E3AB}"
EndProject
Global
	GlobalSection(SolutionConfigurationPlatforms) = preSolution
		Debug|Any CPU = Debug|Any CPU
		Release|Any CPU = Release|Any CPU
	EndGlobalSection
	GlobalSection(ProjectConfigurationPlatforms) = postSolution
		{5556357B-13C8-4022-B3A3-8E29B1484D14}.Debug|Any CPU.ActiveCfg = Debug|Any CPU
		{5556357B-13C8-4022-B3A3-8E29B1484D14}.Debug|Any CPU.Build.0 = Debug|Any CPU
		{5556357B-13C8-4022-B3A3-8E29B1484D14}.Release|Any CPU.ActiveCfg = Release|Any CPU
		{5556357B-13C8-4022-B3A3-8E29B1484D14}.Release|Any CPU.Build.0 = Release|Any CPU
		{3233269D-1794-458B-9EEA-EEC0AC66E3AB}.Debug|Any CPU.ActiveCfg = Debug|Any CPU
		{3233269D-1794-458B-9EEA-EEC0AC66E3AB}.Debug|Any CPU.Build.0 = Debug|Any CPU
		{3233269D-1794-458B-9EEA-EEC0AC66E3AB}.Release|Any CPU.ActiveCfg = Release|Any CPU
		{3233269D-1794-458B-9EEA-EEC0AC66E3AB}.Release|Any CPU.Build.0 = Release|Any CPU
	EndGlobalSection
	GlobalSection(SolutionProperties) = preSolution
		HideSolutionNode = FALSE
	EndGlobalSection
	GlobalSection(ExtensibilityGlobals) = postSolution
		SolutionGuid = {6D378B97-A18F-4954-94BE-FE73B03D0CD4}
	EndGlobalSection
EndGlobal
